
Microsoft Visual Studio Solution File, Format Version 12.00
# Visual Studio Version 17
VisualStudioVersion = 17.0.31903.59
MinimumVisualStudioVersion = 10.0.40219.1
Project("{FAE04EC0-301F-11D3-BF4B-00C04F79EFBC}") = "SpaceBattle.Lib", "SpaceBattle.Lib\SpaceBattle.Lib.csproj", "{F3B6F7EC-6416-44F3-8752-A547DE27B3BD}"
EndProject
Project("{FAE04EC0-301F-11D3-BF4B-00C04F79EFBC}") = "SpaceBattle.Lib.Test", "SpaceBattle.Lib.Test\SpaceBattle.Lib.Test.csproj", "{740BF197-98FA-4582-955A-B75F894757F8}"
EndProject
Global
	GlobalSection(SolutionConfigurationPlatforms) = preSolution
		Debug|Any CPU = Debug|Any CPU
		Release|Any CPU = Release|Any CPU
	EndGlobalSection
	GlobalSection(SolutionProperties) = preSolution
		HideSolutionNode = FALSE
	EndGlobalSection
	GlobalSection(ProjectConfigurationPlatforms) = postSolution
		{F3B6F7EC-6416-44F3-8752-A547DE27B3BD}.Debug|Any CPU.ActiveCfg = Debug|Any CPU
		{F3B6F7EC-6416-44F3-8752-A547DE27B3BD}.Debug|Any CPU.Build.0 = Debug|Any CPU
		{F3B6F7EC-6416-44F3-8752-A547DE27B3BD}.Release|Any CPU.ActiveCfg = Release|Any CPU
		{F3B6F7EC-6416-44F3-8752-A547DE27B3BD}.Release|Any CPU.Build.0 = Release|Any CPU
		{740BF197-98FA-4582-955A-B75F894757F8}.Debug|Any CPU.ActiveCfg = Debug|Any CPU
		{740BF197-98FA-4582-955A-B75F894757F8}.Debug|Any CPU.Build.0 = Debug|Any CPU
		{740BF197-98FA-4582-955A-B75F894757F8}.Release|Any CPU.ActiveCfg = Release|Any CPU
		{740BF197-98FA-4582-955A-B75F894757F8}.Release|Any CPU.Build.0 = Release|Any CPU
	EndGlobalSection
EndGlobal
